// !$*UTF8*$!
{
	archiveVersion = 1;
	classes = {
	};
	objectVersion = 50;
	objects = {

/* Begin PBXBuildFile section */
		58869C1539221104CFE88123 /* Pods_mls_bar.framework in Frameworks */ = {isa = PBXBuildFile; fileRef = 26108E96E4E930A28F20258A /* Pods_mls_bar.framework */; };
		750A2FD020BB233A001247B2 /* mls-logo.png in Resources */ = {isa = PBXBuildFile; fileRef = 750A2FCF20BB233A001247B2 /* mls-logo.png */; };
		750A2FD220BB278F001247B2 /* status-bar-logo@2x.png in Resources */ = {isa = PBXBuildFile; fileRef = 750A2FD120BB278F001247B2 /* status-bar-logo@2x.png */; };
		750A2FD520BB30B3001247B2 /* SharedUtils.m in Sources */ = {isa = PBXBuildFile; fileRef = 750A2FD420BB30B3001247B2 /* SharedUtils.m */; };
		755A552320BA2F080043AF09 /* ScoresViewController.m in Sources */ = {isa = PBXBuildFile; fileRef = 755A552120BA2F080043AF09 /* ScoresViewController.m */; };
		755A552420BA2F080043AF09 /* ScoresViewController.xib in Resources */ = {isa = PBXBuildFile; fileRef = 755A552220BA2F080043AF09 /* ScoresViewController.xib */; };
		755A552A20BA394F0043AF09 /* EventMonitor.m in Sources */ = {isa = PBXBuildFile; fileRef = 755A552920BA394F0043AF09 /* EventMonitor.m */; };
		755A554520BA470D0043AF09 /* Competitor.m in Sources */ = {isa = PBXBuildFile; fileRef = 755A553C20BA470C0043AF09 /* Competitor.m */; };
		755A554720BA470D0043AF09 /* Team.m in Sources */ = {isa = PBXBuildFile; fileRef = 755A554020BA470D0043AF09 /* Team.m */; };
		755A554820BA470D0043AF09 /* Game.m in Sources */ = {isa = PBXBuildFile; fileRef = 755A554320BA470D0043AF09 /* Game.m */; };
		755A554C20BA55BE0043AF09 /* ScoreView.m in Sources */ = {isa = PBXBuildFile; fileRef = 755A554B20BA55BE0043AF09 /* ScoreView.m */; };
		755A555220BA81140043AF09 /* MatchViewController.m in Sources */ = {isa = PBXBuildFile; fileRef = 755A555020BA81140043AF09 /* MatchViewController.m */; };
		755A555320BA81140043AF09 /* MatchViewController.xib in Resources */ = {isa = PBXBuildFile; fileRef = 755A555120BA81140043AF09 /* MatchViewController.xib */; };
		75932D9620BA26BE008AB9CF /* AppDelegate.m in Sources */ = {isa = PBXBuildFile; fileRef = 75932D9520BA26BE008AB9CF /* AppDelegate.m */; };
		75932D9820BA26BE008AB9CF /* Assets.xcassets in Resources */ = {isa = PBXBuildFile; fileRef = 75932D9720BA26BE008AB9CF /* Assets.xcassets */; };
		75932D9B20BA26BE008AB9CF /* MainMenu.xib in Resources */ = {isa = PBXBuildFile; fileRef = 75932D9920BA26BE008AB9CF /* MainMenu.xib */; };
		75932D9E20BA26BE008AB9CF /* main.m in Sources */ = {isa = PBXBuildFile; fileRef = 75932D9D20BA26BE008AB9CF /* main.m */; };
/* End PBXBuildFile section */

/* Begin PBXFileReference section */
		26108E96E4E930A28F20258A /* Pods_mls_bar.framework */ = {isa = PBXFileReference; explicitFileType = wrapper.framework; includeInIndex = 0; path = Pods_mls_bar.framework; sourceTree = BUILT_PRODUCTS_DIR; };
		497DDF401B9ECB24AEF9E165 /* Pods-mls-bar.release.xcconfig */ = {isa = PBXFileReference; includeInIndex = 1; lastKnownFileType = text.xcconfig; name = "Pods-mls-bar.release.xcconfig"; path = "Pods/Target Support Files/Pods-mls-bar/Pods-mls-bar.release.xcconfig"; sourceTree = "<group>"; };
		750A2FCF20BB233A001247B2 /* mls-logo.png */ = {isa = PBXFileReference; lastKnownFileType = image.png; path = "mls-logo.png"; sourceTree = "<group>"; };
		750A2FD120BB278F001247B2 /* status-bar-logo@2x.png */ = {isa = PBXFileReference; lastKnownFileType = image.png; path = "status-bar-logo@2x.png"; sourceTree = "<group>"; };
		750A2FD320BB30B3001247B2 /* SharedUtils.h */ = {isa = PBXFileReference; lastKnownFileType = sourcecode.c.h; path = SharedUtils.h; sourceTree = "<group>"; };
		750A2FD420BB30B3001247B2 /* SharedUtils.m */ = {isa = PBXFileReference; lastKnownFileType = sourcecode.c.objc; path = SharedUtils.m; sourceTree = "<group>"; };
		755A552020BA2F080043AF09 /* ScoresViewController.h */ = {isa = PBXFileReference; lastKnownFileType = sourcecode.c.h; path = ScoresViewController.h; sourceTree = "<group>"; };
		755A552120BA2F080043AF09 /* ScoresViewController.m */ = {isa = PBXFileReference; lastKnownFileType = sourcecode.c.objc; path = ScoresViewController.m; sourceTree = "<group>"; };
		755A552220BA2F080043AF09 /* ScoresViewController.xib */ = {isa = PBXFileReference; lastKnownFileType = file.xib; path = ScoresViewController.xib; sourceTree = "<group>"; };
		755A552820BA394F0043AF09 /* EventMonitor.h */ = {isa = PBXFileReference; lastKnownFileType = sourcecode.c.h; path = EventMonitor.h; sourceTree = "<group>"; };
		755A552920BA394F0043AF09 /* EventMonitor.m */ = {isa = PBXFileReference; lastKnownFileType = sourcecode.c.objc; path = EventMonitor.m; sourceTree = "<group>"; };
		755A553B20BA470C0043AF09 /* Game.h */ = {isa = PBXFileReference; fileEncoding = 4; lastKnownFileType = sourcecode.c.h; path = Game.h; sourceTree = "<group>"; };
		755A553C20BA470C0043AF09 /* Competitor.m */ = {isa = PBXFileReference; fileEncoding = 4; lastKnownFileType = sourcecode.c.objc; path = Competitor.m; sourceTree = "<group>"; };
		755A554020BA470D0043AF09 /* Team.m */ = {isa = PBXFileReference; fileEncoding = 4; lastKnownFileType = sourcecode.c.objc; path = Team.m; sourceTree = "<group>"; };
		755A554120BA470D0043AF09 /* Team.h */ = {isa = PBXFileReference; fileEncoding = 4; lastKnownFileType = sourcecode.c.h; path = Team.h; sourceTree = "<group>"; };
		755A554220BA470D0043AF09 /* Competitor.h */ = {isa = PBXFileReference; fileEncoding = 4; lastKnownFileType = sourcecode.c.h; path = Competitor.h; sourceTree = "<group>"; };
		755A554320BA470D0043AF09 /* Game.m */ = {isa = PBXFileReference; fileEncoding = 4; lastKnownFileType = sourcecode.c.objc; path = Game.m; sourceTree = "<group>"; };
		755A554A20BA55BE0043AF09 /* ScoreView.h */ = {isa = PBXFileReference; lastKnownFileType = sourcecode.c.h; path = ScoreView.h; sourceTree = "<group>"; };
		755A554B20BA55BE0043AF09 /* ScoreView.m */ = {isa = PBXFileReference; lastKnownFileType = sourcecode.c.objc; path = ScoreView.m; sourceTree = "<group>"; };
		755A554F20BA81140043AF09 /* MatchViewController.h */ = {isa = PBXFileReference; lastKnownFileType = sourcecode.c.h; path = MatchViewController.h; sourceTree = "<group>"; };
		755A555020BA81140043AF09 /* MatchViewController.m */ = {isa = PBXFileReference; lastKnownFileType = sourcecode.c.objc; path = MatchViewController.m; sourceTree = "<group>"; };
		755A555120BA81140043AF09 /* MatchViewController.xib */ = {isa = PBXFileReference; lastKnownFileType = file.xib; path = MatchViewController.xib; sourceTree = "<group>"; };
		75932D9120BA26BE008AB9CF /* mls-bar.app */ = {isa = PBXFileReference; explicitFileType = wrapper.application; includeInIndex = 0; path = "mls-bar.app"; sourceTree = BUILT_PRODUCTS_DIR; };
		75932D9420BA26BE008AB9CF /* AppDelegate.h */ = {isa = PBXFileReference; lastKnownFileType = sourcecode.c.h; path = AppDelegate.h; sourceTree = "<group>"; };
		75932D9520BA26BE008AB9CF /* AppDelegate.m */ = {isa = PBXFileReference; lastKnownFileType = sourcecode.c.objc; path = AppDelegate.m; sourceTree = "<group>"; };
		75932D9720BA26BE008AB9CF /* Assets.xcassets */ = {isa = PBXFileReference; lastKnownFileType = folder.assetcatalog; path = Assets.xcassets; sourceTree = "<group>"; };
		75932D9A20BA26BE008AB9CF /* Base */ = {isa = PBXFileReference; lastKnownFileType = file.xib; name = Base; path = Base.lproj/MainMenu.xib; sourceTree = "<group>"; };
		75932D9C20BA26BE008AB9CF /* Info.plist */ = {isa = PBXFileReference; lastKnownFileType = text.plist.xml; path = Info.plist; sourceTree = "<group>"; };
		75932D9D20BA26BE008AB9CF /* main.m */ = {isa = PBXFileReference; lastKnownFileType = sourcecode.c.objc; path = main.m; sourceTree = "<group>"; };
		75932D9F20BA26BE008AB9CF /* mls_bar.entitlements */ = {isa = PBXFileReference; lastKnownFileType = text.plist.entitlements; path = mls_bar.entitlements; sourceTree = "<group>"; };
		A9826D6382B7EF096B4602F4 /* Pods-mls-bar.debug.xcconfig */ = {isa = PBXFileReference; includeInIndex = 1; lastKnownFileType = text.xcconfig; name = "Pods-mls-bar.debug.xcconfig"; path = "Pods/Target Support Files/Pods-mls-bar/Pods-mls-bar.debug.xcconfig"; sourceTree = "<group>"; };
/* End PBXFileReference section */

/* Begin PBXFrameworksBuildPhase section */
		75932D8E20BA26BE008AB9CF /* Frameworks */ = {
			isa = PBXFrameworksBuildPhase;
			buildActionMask = 2147483647;
			files = (
				58869C1539221104CFE88123 /* Pods_mls_bar.framework in Frameworks */,
			);
			runOnlyForDeploymentPostprocessing = 0;
		};
/* End PBXFrameworksBuildPhase section */

/* Begin PBXGroup section */
		75932D8820BA26BE008AB9CF = {
			isa = PBXGroup;
			children = (
				75932D9320BA26BE008AB9CF /* mls-bar */,
				75932D9220BA26BE008AB9CF /* Products */,
				B772E2F8516727BB871321BB /* Pods */,
				844978291453283E92243060 /* Frameworks */,
			);
			sourceTree = "<group>";
		};
		75932D9220BA26BE008AB9CF /* Products */ = {
			isa = PBXGroup;
			children = (
				75932D9120BA26BE008AB9CF /* mls-bar.app */,
			);
			name = Products;
			sourceTree = "<group>";
		};
		75932D9320BA26BE008AB9CF /* mls-bar */ = {
			isa = PBXGroup;
			children = (
				75932D9420BA26BE008AB9CF /* AppDelegate.h */,
				75932D9520BA26BE008AB9CF /* AppDelegate.m */,
				755A552820BA394F0043AF09 /* EventMonitor.h */,
				755A552920BA394F0043AF09 /* EventMonitor.m */,
				755A554220BA470D0043AF09 /* Competitor.h */,
				755A553C20BA470C0043AF09 /* Competitor.m */,
				755A553B20BA470C0043AF09 /* Game.h */,
				755A554320BA470D0043AF09 /* Game.m */,
				755A554120BA470D0043AF09 /* Team.h */,
				755A554020BA470D0043AF09 /* Team.m */,
				755A554A20BA55BE0043AF09 /* ScoreView.h */,
				755A554B20BA55BE0043AF09 /* ScoreView.m */,
				750A2FD320BB30B3001247B2 /* SharedUtils.h */,
				750A2FD420BB30B3001247B2 /* SharedUtils.m */,
				755A552020BA2F080043AF09 /* ScoresViewController.h */,
				755A552120BA2F080043AF09 /* ScoresViewController.m */,
				755A552220BA2F080043AF09 /* ScoresViewController.xib */,
				755A554F20BA81140043AF09 /* MatchViewController.h */,
				755A555020BA81140043AF09 /* MatchViewController.m */,
				755A555120BA81140043AF09 /* MatchViewController.xib */,
				750A2FD120BB278F001247B2 /* status-bar-logo@2x.png */,
				750A2FCF20BB233A001247B2 /* mls-logo.png */,
				75932D9720BA26BE008AB9CF /* Assets.xcassets */,
				75932D9920BA26BE008AB9CF /* MainMenu.xib */,
				75932D9C20BA26BE008AB9CF /* Info.plist */,
				75932D9D20BA26BE008AB9CF /* main.m */,
				75932D9F20BA26BE008AB9CF /* mls_bar.entitlements */,
			);
			path = "mls-bar";
			sourceTree = "<group>";
		};
		844978291453283E92243060 /* Frameworks */ = {
			isa = PBXGroup;
			children = (
				26108E96E4E930A28F20258A /* Pods_mls_bar.framework */,
			);
			name = Frameworks;
			sourceTree = "<group>";
		};
		B772E2F8516727BB871321BB /* Pods */ = {
			isa = PBXGroup;
			children = (
				A9826D6382B7EF096B4602F4 /* Pods-mls-bar.debug.xcconfig */,
				497DDF401B9ECB24AEF9E165 /* Pods-mls-bar.release.xcconfig */,
			);
			name = Pods;
			sourceTree = "<group>";
		};
/* End PBXGroup section */

/* Begin PBXNativeTarget section */
		75932D9020BA26BE008AB9CF /* mls-bar */ = {
			isa = PBXNativeTarget;
			buildConfigurationList = 75932DA220BA26BE008AB9CF /* Build configuration list for PBXNativeTarget "mls-bar" */;
			buildPhases = (
				AE1C9A125DB444549FC759FD /* [CP] Check Pods Manifest.lock */,
				75932D8D20BA26BE008AB9CF /* Sources */,
				75932D8E20BA26BE008AB9CF /* Frameworks */,
				75932D8F20BA26BE008AB9CF /* Resources */,
				94DC5FC713360EB7C20E7954 /* [CP] Embed Pods Frameworks */,
			);
			buildRules = (
			);
			dependencies = (
			);
			name = "mls-bar";
			productName = "mls-bar";
			productReference = 75932D9120BA26BE008AB9CF /* mls-bar.app */;
			productType = "com.apple.product-type.application";
		};
/* End PBXNativeTarget section */

/* Begin PBXProject section */
		75932D8920BA26BE008AB9CF /* Project object */ = {
			isa = PBXProject;
			attributes = {
				LastUpgradeCheck = 0930;
				ORGANIZATIONNAME = "Akshay Easwaran";
				TargetAttributes = {
					75932D9020BA26BE008AB9CF = {
						CreatedOnToolsVersion = 9.3.1;
					};
				};
			};
			buildConfigurationList = 75932D8C20BA26BE008AB9CF /* Build configuration list for PBXProject "mls-bar" */;
			compatibilityVersion = "Xcode 9.3";
			developmentRegion = en;
			hasScannedForEncodings = 0;
			knownRegions = (
				en,
				Base,
			);
			mainGroup = 75932D8820BA26BE008AB9CF;
			productRefGroup = 75932D9220BA26BE008AB9CF /* Products */;
			projectDirPath = "";
			projectRoot = "";
			targets = (
				75932D9020BA26BE008AB9CF /* mls-bar */,
			);
		};
/* End PBXProject section */

/* Begin PBXResourcesBuildPhase section */
		75932D8F20BA26BE008AB9CF /* Resources */ = {
			isa = PBXResourcesBuildPhase;
			buildActionMask = 2147483647;
			files = (
				755A555320BA81140043AF09 /* MatchViewController.xib in Resources */,
				750A2FD020BB233A001247B2 /* mls-logo.png in Resources */,
				750A2FD220BB278F001247B2 /* status-bar-logo@2x.png in Resources */,
				75932D9820BA26BE008AB9CF /* Assets.xcassets in Resources */,
				75932D9B20BA26BE008AB9CF /* MainMenu.xib in Resources */,
				755A552420BA2F080043AF09 /* ScoresViewController.xib in Resources */,
			);
			runOnlyForDeploymentPostprocessing = 0;
		};
/* End PBXResourcesBuildPhase section */

/* Begin PBXShellScriptBuildPhase section */
		94DC5FC713360EB7C20E7954 /* [CP] Embed Pods Frameworks */ = {
			isa = PBXShellScriptBuildPhase;
			buildActionMask = 2147483647;
			files = (
			);
			inputPaths = (
				"${SRCROOT}/Pods/Target Support Files/Pods-mls-bar/Pods-mls-bar-frameworks.sh",
				"${BUILT_PRODUCTS_DIR}/CCNNavigationController/CCNNavigationController.framework",
				"${BUILT_PRODUCTS_DIR}/Charts/Charts.framework",
				"${BUILT_PRODUCTS_DIR}/HTMLReader/HTMLReader.framework",
				"${BUILT_PRODUCTS_DIR}/HexColors/HexColors.framework",
				"${BUILT_PRODUCTS_DIR}/Mantle/Mantle.framework",
				"${BUILT_PRODUCTS_DIR}/SDWebImage/SDWebImage.framework",
			);
			name = "[CP] Embed Pods Frameworks";
			outputPaths = (
				"${TARGET_BUILD_DIR}/${FRAMEWORKS_FOLDER_PATH}/CCNNavigationController.framework",
				"${TARGET_BUILD_DIR}/${FRAMEWORKS_FOLDER_PATH}/Charts.framework",
				"${TARGET_BUILD_DIR}/${FRAMEWORKS_FOLDER_PATH}/HTMLReader.framework",
				"${TARGET_BUILD_DIR}/${FRAMEWORKS_FOLDER_PATH}/HexColors.framework",
				"${TARGET_BUILD_DIR}/${FRAMEWORKS_FOLDER_PATH}/Mantle.framework",
				"${TARGET_BUILD_DIR}/${FRAMEWORKS_FOLDER_PATH}/SDWebImage.framework",
			);
			runOnlyForDeploymentPostprocessing = 0;
			shellPath = /bin/sh;
			shellScript = "\"${SRCROOT}/Pods/Target Support Files/Pods-mls-bar/Pods-mls-bar-frameworks.sh\"\n";
			showEnvVarsInLog = 0;
		};
		AE1C9A125DB444549FC759FD /* [CP] Check Pods Manifest.lock */ = {
			isa = PBXShellScriptBuildPhase;
			buildActionMask = 2147483647;
			files = (
			);
			inputPaths = (
				"${PODS_PODFILE_DIR_PATH}/Podfile.lock",
				"${PODS_ROOT}/Manifest.lock",
			);
			name = "[CP] Check Pods Manifest.lock";
			outputPaths = (
				"$(DERIVED_FILE_DIR)/Pods-mls-bar-checkManifestLockResult.txt",
			);
			runOnlyForDeploymentPostprocessing = 0;
			shellPath = /bin/sh;
			shellScript = "diff \"${PODS_PODFILE_DIR_PATH}/Podfile.lock\" \"${PODS_ROOT}/Manifest.lock\" > /dev/null\nif [ $? != 0 ] ; then\n    # print error to STDERR\n    echo \"error: The sandbox is not in sync with the Podfile.lock. Run 'pod install' or update your CocoaPods installation.\" >&2\n    exit 1\nfi\n# This output is used by Xcode 'outputs' to avoid re-running this script phase.\necho \"SUCCESS\" > \"${SCRIPT_OUTPUT_FILE_0}\"\n";
			showEnvVarsInLog = 0;
		};
/* End PBXShellScriptBuildPhase section */

/* Begin PBXSourcesBuildPhase section */
		75932D8D20BA26BE008AB9CF /* Sources */ = {
			isa = PBXSourcesBuildPhase;
			buildActionMask = 2147483647;
			files = (
				75932D9E20BA26BE008AB9CF /* main.m in Sources */,
				755A552320BA2F080043AF09 /* ScoresViewController.m in Sources */,
				755A554820BA470D0043AF09 /* Game.m in Sources */,
				75932D9620BA26BE008AB9CF /* AppDelegate.m in Sources */,
				755A552A20BA394F0043AF09 /* EventMonitor.m in Sources */,
				755A554C20BA55BE0043AF09 /* ScoreView.m in Sources */,
				750A2FD520BB30B3001247B2 /* SharedUtils.m in Sources */,
				755A554720BA470D0043AF09 /* Team.m in Sources */,
				755A554520BA470D0043AF09 /* Competitor.m in Sources */,
				755A555220BA81140043AF09 /* MatchViewController.m in Sources */,
			);
			runOnlyForDeploymentPostprocessing = 0;
		};
/* End PBXSourcesBuildPhase section */

/* Begin PBXVariantGroup section */
		75932D9920BA26BE008AB9CF /* MainMenu.xib */ = {
			isa = PBXVariantGroup;
			children = (
				75932D9A20BA26BE008AB9CF /* Base */,
			);
			name = MainMenu.xib;
			sourceTree = "<group>";
		};
/* End PBXVariantGroup section */

/* Begin XCBuildConfiguration section */
		75932DA020BA26BE008AB9CF /* Debug */ = {
			isa = XCBuildConfiguration;
			buildSettings = {
				ALWAYS_SEARCH_USER_PATHS = NO;
				CLANG_ANALYZER_NONNULL = YES;
				CLANG_ANALYZER_NUMBER_OBJECT_CONVERSION = YES_AGGRESSIVE;
				CLANG_CXX_LANGUAGE_STANDARD = "gnu++14";
				CLANG_CXX_LIBRARY = "libc++";
				CLANG_ENABLE_MODULES = YES;
				CLANG_ENABLE_OBJC_ARC = YES;
				CLANG_ENABLE_OBJC_WEAK = YES;
				CLANG_WARN_BLOCK_CAPTURE_AUTORELEASING = YES;
				CLANG_WARN_BOOL_CONVERSION = YES;
				CLANG_WARN_COMMA = YES;
				CLANG_WARN_CONSTANT_CONVERSION = YES;
				CLANG_WARN_DEPRECATED_OBJC_IMPLEMENTATIONS = YES;
				CLANG_WARN_DIRECT_OBJC_ISA_USAGE = YES_ERROR;
				CLANG_WARN_DOCUMENTATION_COMMENTS = YES;
				CLANG_WARN_EMPTY_BODY = YES;
				CLANG_WARN_ENUM_CONVERSION = YES;
				CLANG_WARN_INFINITE_RECURSION = YES;
				CLANG_WARN_INT_CONVERSION = YES;
				CLANG_WARN_NON_LITERAL_NULL_CONVERSION = YES;
				CLANG_WARN_OBJC_IMPLICIT_RETAIN_SELF = YES;
				CLANG_WARN_OBJC_LITERAL_CONVERSION = YES;
				CLANG_WARN_OBJC_ROOT_CLASS = YES_ERROR;
				CLANG_WARN_RANGE_LOOP_ANALYSIS = YES;
				CLANG_WARN_STRICT_PROTOTYPES = YES;
				CLANG_WARN_SUSPICIOUS_MOVE = YES;
				CLANG_WARN_UNGUARDED_AVAILABILITY = YES_AGGRESSIVE;
				CLANG_WARN_UNREACHABLE_CODE = YES;
				CLANG_WARN__DUPLICATE_METHOD_MATCH = YES;
				CODE_SIGN_IDENTITY = "Mac Developer";
				COPY_PHASE_STRIP = NO;
				DEBUG_INFORMATION_FORMAT = dwarf;
				ENABLE_STRICT_OBJC_MSGSEND = YES;
				ENABLE_TESTABILITY = YES;
				GCC_C_LANGUAGE_STANDARD = gnu11;
				GCC_DYNAMIC_NO_PIC = NO;
				GCC_NO_COMMON_BLOCKS = YES;
				GCC_OPTIMIZATION_LEVEL = 0;
				GCC_PREPROCESSOR_DEFINITIONS = (
					"DEBUG=1",
					"$(inherited)",
				);
				GCC_WARN_64_TO_32_BIT_CONVERSION = YES;
				GCC_WARN_ABOUT_RETURN_TYPE = YES_ERROR;
				GCC_WARN_UNDECLARED_SELECTOR = YES;
				GCC_WARN_UNINITIALIZED_AUTOS = YES_AGGRESSIVE;
				GCC_WARN_UNUSED_FUNCTION = YES;
				GCC_WARN_UNUSED_VARIABLE = YES;
				MACOSX_DEPLOYMENT_TARGET = 10.13;
				MTL_ENABLE_DEBUG_INFO = YES;
				ONLY_ACTIVE_ARCH = YES;
				SDKROOT = macosx;
			};
			name = Debug;
		};
		75932DA120BA26BE008AB9CF /* Release */ = {
			isa = XCBuildConfiguration;
			buildSettings = {
				ALWAYS_SEARCH_USER_PATHS = NO;
				CLANG_ANALYZER_NONNULL = YES;
				CLANG_ANALYZER_NUMBER_OBJECT_CONVERSION = YES_AGGRESSIVE;
				CLANG_CXX_LANGUAGE_STANDARD = "gnu++14";
				CLANG_CXX_LIBRARY = "libc++";
				CLANG_ENABLE_MODULES = YES;
				CLANG_ENABLE_OBJC_ARC = YES;
				CLANG_ENABLE_OBJC_WEAK = YES;
				CLANG_WARN_BLOCK_CAPTURE_AUTORELEASING = YES;
				CLANG_WARN_BOOL_CONVERSION = YES;
				CLANG_WARN_COMMA = YES;
				CLANG_WARN_CONSTANT_CONVERSION = YES;
				CLANG_WARN_DEPRECATED_OBJC_IMPLEMENTATIONS = YES;
				CLANG_WARN_DIRECT_OBJC_ISA_USAGE = YES_ERROR;
				CLANG_WARN_DOCUMENTATION_COMMENTS = YES;
				CLANG_WARN_EMPTY_BODY = YES;
				CLANG_WARN_ENUM_CONVERSION = YES;
				CLANG_WARN_INFINITE_RECURSION = YES;
				CLANG_WARN_INT_CONVERSION = YES;
				CLANG_WARN_NON_LITERAL_NULL_CONVERSION = YES;
				CLANG_WARN_OBJC_IMPLICIT_RETAIN_SELF = YES;
				CLANG_WARN_OBJC_LITERAL_CONVERSION = YES;
				CLANG_WARN_OBJC_ROOT_CLASS = YES_ERROR;
				CLANG_WARN_RANGE_LOOP_ANALYSIS = YES;
				CLANG_WARN_STRICT_PROTOTYPES = YES;
				CLANG_WARN_SUSPICIOUS_MOVE = YES;
				CLANG_WARN_UNGUARDED_AVAILABILITY = YES_AGGRESSIVE;
				CLANG_WARN_UNREACHABLE_CODE = YES;
				CLANG_WARN__DUPLICATE_METHOD_MATCH = YES;
				CODE_SIGN_IDENTITY = "Mac Developer";
				COPY_PHASE_STRIP = NO;
				DEBUG_INFORMATION_FORMAT = "dwarf-with-dsym";
				ENABLE_NS_ASSERTIONS = NO;
				ENABLE_STRICT_OBJC_MSGSEND = YES;
				GCC_C_LANGUAGE_STANDARD = gnu11;
				GCC_NO_COMMON_BLOCKS = YES;
				GCC_WARN_64_TO_32_BIT_CONVERSION = YES;
				GCC_WARN_ABOUT_RETURN_TYPE = YES_ERROR;
				GCC_WARN_UNDECLARED_SELECTOR = YES;
				GCC_WARN_UNINITIALIZED_AUTOS = YES_AGGRESSIVE;
				GCC_WARN_UNUSED_FUNCTION = YES;
				GCC_WARN_UNUSED_VARIABLE = YES;
				MACOSX_DEPLOYMENT_TARGET = 10.13;
				MTL_ENABLE_DEBUG_INFO = NO;
				SDKROOT = macosx;
			};
			name = Release;
		};
		75932DA320BA26BE008AB9CF /* Debug */ = {
			isa = XCBuildConfiguration;
			baseConfigurationReference = A9826D6382B7EF096B4602F4 /* Pods-mls-bar.debug.xcconfig */;
			buildSettings = {
				ASSETCATALOG_COMPILER_APPICON_NAME = AppIcon;
				CODE_SIGN_ENTITLEMENTS = "mls-bar/mls_bar.entitlements";
				CODE_SIGN_STYLE = Automatic;
				COMBINE_HIDPI_IMAGES = YES;
				DEVELOPMENT_TEAM = 67BW26529D;
				INFOPLIST_FILE = "mls-bar/Info.plist";
				LD_RUNPATH_SEARCH_PATHS = "$(inherited) @executable_path/../Frameworks";
				PRODUCT_BUNDLE_IDENTIFIER = "me.akeaswaran.mls-bar";
				PRODUCT_NAME = "$(TARGET_NAME)";
			};
			name = Debug;
		};
		75932DA420BA26BE008AB9CF /* Release */ = {
			isa = XCBuildConfiguration;
			baseConfigurationReference = 497DDF401B9ECB24AEF9E165 /* Pods-mls-bar.release.xcconfig */;
			buildSettings = {
				ASSETCATALOG_COMPILER_APPICON_NAME = AppIcon;
				CODE_SIGN_ENTITLEMENTS = "mls-bar/mls_bar.entitlements";
				CODE_SIGN_STYLE = Automatic;
				COMBINE_HIDPI_IMAGES = YES;
				DEVELOPMENT_TEAM = 67BW26529D;
				INFOPLIST_FILE = "mls-bar/Info.plist";
				LD_RUNPATH_SEARCH_PATHS = "$(inherited) @executable_path/../Frameworks";
				PRODUCT_BUNDLE_IDENTIFIER = "me.akeaswaran.mls-bar";
				PRODUCT_NAME = "$(TARGET_NAME)";
			};
			name = Release;
		};
/* End XCBuildConfiguration section */

/* Begin XCConfigurationList section */
		75932D8C20BA26BE008AB9CF /* Build configuration list for PBXProject "mls-bar" */ = {
			isa = XCConfigurationList;
			buildConfigurations = (
				75932DA020BA26BE008AB9CF /* Debug */,
				75932DA120BA26BE008AB9CF /* Release */,
			);
			defaultConfigurationIsVisible = 0;
			defaultConfigurationName = Release;
		};
		75932DA220BA26BE008AB9CF /* Build configuration list for PBXNativeTarget "mls-bar" */ = {
			isa = XCConfigurationList;
			buildConfigurations = (
				75932DA320BA26BE008AB9CF /* Debug */,
				75932DA420BA26BE008AB9CF /* Release */,
			);
			defaultConfigurationIsVisible = 0;
			defaultConfigurationName = Release;
		};
/* End XCConfigurationList section */
	};
	rootObject = 75932D8920BA26BE008AB9CF /* Project object */;
}
