// !$*UTF8*$!
{
	archiveVersion = 1;
	classes = {
	};
	objectVersion = 50;
	objects = {

/* Begin PBXBuildFile section */
		75932D9620BA26BE008AB9CF /* AppDelegate.m in Sources */ = {isa = PBXBuildFile; fileRef = 75932D9520BA26BE008AB9CF /* AppDelegate.m */; };
		75932D9820BA26BE008AB9CF /* Assets.xcassets in Resources */ = {isa = PBXBuildFile; fileRef = 75932D9720BA26BE008AB9CF /* Assets.xcassets */; };
		75932D9B20BA26BE008AB9CF /* MainMenu.xib in Resources */ = {isa = PBXBuildFile; fileRef = 75932D9920BA26BE008AB9CF /* MainMenu.xib */; };
		75932D9E20BA26BE008AB9CF /* main.m in Sources */ = {isa = PBXBuildFile; fileRef = 75932D9D20BA26BE008AB9CF /* main.m */; };
/* End PBXBuildFile section */

/* Begin PBXFileReference section */
		75932D9120BA26BE008AB9CF /* mls-bar.app */ = {isa = PBXFileReference; explicitFileType = wrapper.application; includeInIndex = 0; path = "mls-bar.app"; sourceTree = BUILT_PRODUCTS_DIR; };
		75932D9420BA26BE008AB9CF /* AppDelegate.h */ = {isa = PBXFileReference; lastKnownFileType = sourcecode.c.h; path = AppDelegate.h; sourceTree = "<group>"; };
		75932D9520BA26BE008AB9CF /* AppDelegate.m */ = {isa = PBXFileReference; lastKnownFileType = sourcecode.c.objc; path = AppDelegate.m; sourceTree = "<group>"; };
		75932D9720BA26BE008AB9CF /* Assets.xcassets */ = {isa = PBXFileReference; lastKnownFileType = folder.assetcatalog; path = Assets.xcassets; sourceTree = "<group>"; };
		75932D9A20BA26BE008AB9CF /* Base */ = {isa = PBXFileReference; lastKnownFileType = file.xib; name = Base; path = Base.lproj/MainMenu.xib; sourceTree = "<group>"; };
		75932D9C20BA26BE008AB9CF /* Info.plist */ = {isa = PBXFileReference; lastKnownFileType = text.plist.xml; path = Info.plist; sourceTree = "<group>"; };
		75932D9D20BA26BE008AB9CF /* main.m */ = {isa = PBXFileReference; lastKnownFileType = sourcecode.c.objc; path = main.m; sourceTree = "<group>"; };
		75932D9F20BA26BE008AB9CF /* mls_bar.entitlements */ = {isa = PBXFileReference; lastKnownFileType = text.plist.entitlements; path = mls_bar.entitlements; sourceTree = "<group>"; };
/* End PBXFileReference section */

/* Begin PBXFrameworksBuildPhase section */
		75932D8E20BA26BE008AB9CF /* Frameworks */ = {
			isa = PBXFrameworksBuildPhase;
			buildActionMask = 2147483647;
			files = (
			);
			runOnlyForDeploymentPostprocessing = 0;
		};
/* End PBXFrameworksBuildPhase section */

/* Begin PBXGroup section */
		75932D8820BA26BE008AB9CF = {
			isa = PBXGroup;
			children = (
				75932D9320BA26BE008AB9CF /* mls-bar */,
				75932D9220BA26BE008AB9CF /* Products */,
			);
			sourceTree = "<group>";
		};
		75932D9220BA26BE008AB9CF /* Products */ = {
			isa = PBXGroup;
			children = (
				75932D9120BA26BE008AB9CF /* mls-bar.app */,
			);
			name = Products;
			sourceTree = "<group>";
		};
		75932D9320BA26BE008AB9CF /* mls-bar */ = {
			isa = PBXGroup;
			children = (
				75932D9420BA26BE008AB9CF /* AppDelegate.h */,
				75932D9520BA26BE008AB9CF /* AppDelegate.m */,
				75932D9720BA26BE008AB9CF /* Assets.xcassets */,
				75932D9920BA26BE008AB9CF /* MainMenu.xib */,
				75932D9C20BA26BE008AB9CF /* Info.plist */,
				75932D9D20BA26BE008AB9CF /* main.m */,
				75932D9F20BA26BE008AB9CF /* mls_bar.entitlements */,
			);
			path = "mls-bar";
			sourceTree = "<group>";
		};
/* End PBXGroup section */

/* Begin PBXNativeTarget section */
		75932D9020BA26BE008AB9CF /* mls-bar */ = {
			isa = PBXNativeTarget;
			buildConfigurationList = 75932DA220BA26BE008AB9CF /* Build configuration list for PBXNativeTarget "mls-bar" */;
			buildPhases = (
				75932D8D20BA26BE008AB9CF /* Sources */,
				75932D8E20BA26BE008AB9CF /* Frameworks */,
				75932D8F20BA26BE008AB9CF /* Resources */,
			);
			buildRules = (
			);
			dependencies = (
			);
			name = "mls-bar";
			productName = "mls-bar";
			productReference = 75932D9120BA26BE008AB9CF /* mls-bar.app */;
			productType = "com.apple.product-type.application";
		};
/* End PBXNativeTarget section */

/* Begin PBXProject section */
		75932D8920BA26BE008AB9CF /* Project object */ = {
			isa = PBXProject;
			attributes = {
				LastUpgradeCheck = 0930;
				ORGANIZATIONNAME = "Akshay Easwaran";
				TargetAttributes = {
					75932D9020BA26BE008AB9CF = {
						CreatedOnToolsVersion = 9.3.1;
					};
				};
			};
			buildConfigurationList = 75932D8C20BA26BE008AB9CF /* Build configuration list for PBXProject "mls-bar" */;
			compatibilityVersion = "Xcode 9.3";
			developmentRegion = en;
			hasScannedForEncodings = 0;
			knownRegions = (
				en,
				Base,
			);
			mainGroup = 75932D8820BA26BE008AB9CF;
			productRefGroup = 75932D9220BA26BE008AB9CF /* Products */;
			projectDirPath = "";
			projectRoot = "";
			targets = (
				75932D9020BA26BE008AB9CF /* mls-bar */,
			);
		};
/* End PBXProject section */

/* Begin PBXResourcesBuildPhase section */
		75932D8F20BA26BE008AB9CF /* Resources */ = {
			isa = PBXResourcesBuildPhase;
			buildActionMask = 2147483647;
			files = (
				75932D9820BA26BE008AB9CF /* Assets.xcassets in Resources */,
				75932D9B20BA26BE008AB9CF /* MainMenu.xib in Resources */,
			);
			runOnlyForDeploymentPostprocessing = 0;
		};
/* End PBXResourcesBuildPhase section */

/* Begin PBXSourcesBuildPhase section */
		75932D8D20BA26BE008AB9CF /* Sources */ = {
			isa = PBXSourcesBuildPhase;
			buildActionMask = 2147483647;
			files = (
				75932D9E20BA26BE008AB9CF /* main.m in Sources */,
				75932D9620BA26BE008AB9CF /* AppDelegate.m in Sources */,
			);
			runOnlyForDeploymentPostprocessing = 0;
		};
/* End PBXSourcesBuildPhase section */

/* Begin PBXVariantGroup section */
		75932D9920BA26BE008AB9CF /* MainMenu.xib */ = {
			isa = PBXVariantGroup;
			children = (
				75932D9A20BA26BE008AB9CF /* Base */,
			);
			name = MainMenu.xib;
			sourceTree = "<group>";
		};
/* End PBXVariantGroup section */

/* Begin XCBuildConfiguration section */
		75932DA020BA26BE008AB9CF /* Debug */ = {
			isa = XCBuildConfiguration;
			buildSettings = {
				ALWAYS_SEARCH_USER_PATHS = NO;
				CLANG_ANALYZER_NONNULL = YES;
				CLANG_ANALYZER_NUMBER_OBJECT_CONVERSION = YES_AGGRESSIVE;
				CLANG_CXX_LANGUAGE_STANDARD = "gnu++14";
				CLANG_CXX_LIBRARY = "libc++";
				CLANG_ENABLE_MODULES = YES;
				CLANG_ENABLE_OBJC_ARC = YES;
				CLANG_ENABLE_OBJC_WEAK = YES;
				CLANG_WARN_BLOCK_CAPTURE_AUTORELEASING = YES;
				CLANG_WARN_BOOL_CONVERSION = YES;
				CLANG_WARN_COMMA = YES;
				CLANG_WARN_CONSTANT_CONVERSION = YES;
				CLANG_WARN_DEPRECATED_OBJC_IMPLEMENTATIONS = YES;
				CLANG_WARN_DIRECT_OBJC_ISA_USAGE = YES_ERROR;
				CLANG_WARN_DOCUMENTATION_COMMENTS = YES;
				CLANG_WARN_EMPTY_BODY = YES;
				CLANG_WARN_ENUM_CONVERSION = YES;
				CLANG_WARN_INFINITE_RECURSION = YES;
				CLANG_WARN_INT_CONVERSION = YES;
				CLANG_WARN_NON_LITERAL_NULL_CONVERSION = YES;
				CLANG_WARN_OBJC_IMPLICIT_RETAIN_SELF = YES;
				CLANG_WARN_OBJC_LITERAL_CONVERSION = YES;
				CLANG_WARN_OBJC_ROOT_CLASS = YES_ERROR;
				CLANG_WARN_RANGE_LOOP_ANALYSIS = YES;
				CLANG_WARN_STRICT_PROTOTYPES = YES;
				CLANG_WARN_SUSPICIOUS_MOVE = YES;
				CLANG_WARN_UNGUARDED_AVAILABILITY = YES_AGGRESSIVE;
				CLANG_WARN_UNREACHABLE_CODE = YES;
				CLANG_WARN__DUPLICATE_METHOD_MATCH = YES;
				CODE_SIGN_IDENTITY = "Mac Developer";
				COPY_PHASE_STRIP = NO;
				DEBUG_INFORMATION_FORMAT = dwarf;
				ENABLE_STRICT_OBJC_MSGSEND = YES;
				ENABLE_TESTABILITY = YES;
				GCC_C_LANGUAGE_STANDARD = gnu11;
				GCC_DYNAMIC_NO_PIC = NO;
				GCC_NO_COMMON_BLOCKS = YES;
				GCC_OPTIMIZATION_LEVEL = 0;
				GCC_PREPROCESSOR_DEFINITIONS = (
					"DEBUG=1",
					"$(inherited)",
				);
				GCC_WARN_64_TO_32_BIT_CONVERSION = YES;
				GCC_WARN_ABOUT_RETURN_TYPE = YES_ERROR;
				GCC_WARN_UNDECLARED_SELECTOR = YES;
				GCC_WARN_UNINITIALIZED_AUTOS = YES_AGGRESSIVE;
				GCC_WARN_UNUSED_FUNCTION = YES;
				GCC_WARN_UNUSED_VARIABLE = YES;
				MACOSX_DEPLOYMENT_TARGET = 10.13;
				MTL_ENABLE_DEBUG_INFO = YES;
				ONLY_ACTIVE_ARCH = YES;
				SDKROOT = macosx;
			};
			name = Debug;
		};
		75932DA120BA26BE008AB9CF /* Release */ = {
			isa = XCBuildConfiguration;
			buildSettings = {
				ALWAYS_SEARCH_USER_PATHS = NO;
				CLANG_ANALYZER_NONNULL = YES;
				CLANG_ANALYZER_NUMBER_OBJECT_CONVERSION = YES_AGGRESSIVE;
				CLANG_CXX_LANGUAGE_STANDARD = "gnu++14";
				CLANG_CXX_LIBRARY = "libc++";
				CLANG_ENABLE_MODULES = YES;
				CLANG_ENABLE_OBJC_ARC = YES;
				CLANG_ENABLE_OBJC_WEAK = YES;
				CLANG_WARN_BLOCK_CAPTURE_AUTORELEASING = YES;
				CLANG_WARN_BOOL_CONVERSION = YES;
				CLANG_WARN_COMMA = YES;
				CLANG_WARN_CONSTANT_CONVERSION = YES;
				CLANG_WARN_DEPRECATED_OBJC_IMPLEMENTATIONS = YES;
				CLANG_WARN_DIRECT_OBJC_ISA_USAGE = YES_ERROR;
				CLANG_WARN_DOCUMENTATION_COMMENTS = YES;
				CLANG_WARN_EMPTY_BODY = YES;
				CLANG_WARN_ENUM_CONVERSION = YES;
				CLANG_WARN_INFINITE_RECURSION = YES;
				CLANG_WARN_INT_CONVERSION = YES;
				CLANG_WARN_NON_LITERAL_NULL_CONVERSION = YES;
				CLANG_WARN_OBJC_IMPLICIT_RETAIN_SELF = YES;
				CLANG_WARN_OBJC_LITERAL_CONVERSION = YES;
				CLANG_WARN_OBJC_ROOT_CLASS = YES_ERROR;
				CLANG_WARN_RANGE_LOOP_ANALYSIS = YES;
				CLANG_WARN_STRICT_PROTOTYPES = YES;
				CLANG_WARN_SUSPICIOUS_MOVE = YES;
				CLANG_WARN_UNGUARDED_AVAILABILITY = YES_AGGRESSIVE;
				CLANG_WARN_UNREACHABLE_CODE = YES;
				CLANG_WARN__DUPLICATE_METHOD_MATCH = YES;
				CODE_SIGN_IDENTITY = "Mac Developer";
				COPY_PHASE_STRIP = NO;
				DEBUG_INFORMATION_FORMAT = "dwarf-with-dsym";
				ENABLE_NS_ASSERTIONS = NO;
				ENABLE_STRICT_OBJC_MSGSEND = YES;
				GCC_C_LANGUAGE_STANDARD = gnu11;
				GCC_NO_COMMON_BLOCKS = YES;
				GCC_WARN_64_TO_32_BIT_CONVERSION = YES;
				GCC_WARN_ABOUT_RETURN_TYPE = YES_ERROR;
				GCC_WARN_UNDECLARED_SELECTOR = YES;
				GCC_WARN_UNINITIALIZED_AUTOS = YES_AGGRESSIVE;
				GCC_WARN_UNUSED_FUNCTION = YES;
				GCC_WARN_UNUSED_VARIABLE = YES;
				MACOSX_DEPLOYMENT_TARGET = 10.13;
				MTL_ENABLE_DEBUG_INFO = NO;
				SDKROOT = macosx;
			};
			name = Release;
		};
		75932DA320BA26BE008AB9CF /* Debug */ = {
			isa = XCBuildConfiguration;
			buildSettings = {
				ASSETCATALOG_COMPILER_APPICON_NAME = AppIcon;
				CODE_SIGN_ENTITLEMENTS = "mls-bar/mls_bar.entitlements";
				CODE_SIGN_STYLE = Automatic;
				COMBINE_HIDPI_IMAGES = YES;
				DEVELOPMENT_TEAM = 67BW26529D;
				INFOPLIST_FILE = "mls-bar/Info.plist";
				LD_RUNPATH_SEARCH_PATHS = (
					"$(inherited)",
					"@executable_path/../Frameworks",
				);
				PRODUCT_BUNDLE_IDENTIFIER = "me.akeaswaran.mls-bar";
				PRODUCT_NAME = "$(TARGET_NAME)";
			};
			name = Debug;
		};
		75932DA420BA26BE008AB9CF /* Release */ = {
			isa = XCBuildConfiguration;
			buildSettings = {
				ASSETCATALOG_COMPILER_APPICON_NAME = AppIcon;
				CODE_SIGN_ENTITLEMENTS = "mls-bar/mls_bar.entitlements";
				CODE_SIGN_STYLE = Automatic;
				COMBINE_HIDPI_IMAGES = YES;
				DEVELOPMENT_TEAM = 67BW26529D;
				INFOPLIST_FILE = "mls-bar/Info.plist";
				LD_RUNPATH_SEARCH_PATHS = (
					"$(inherited)",
					"@executable_path/../Frameworks",
				);
				PRODUCT_BUNDLE_IDENTIFIER = "me.akeaswaran.mls-bar";
				PRODUCT_NAME = "$(TARGET_NAME)";
			};
			name = Release;
		};
/* End XCBuildConfiguration section */

/* Begin XCConfigurationList section */
		75932D8C20BA26BE008AB9CF /* Build configuration list for PBXProject "mls-bar" */ = {
			isa = XCConfigurationList;
			buildConfigurations = (
				75932DA020BA26BE008AB9CF /* Debug */,
				75932DA120BA26BE008AB9CF /* Release */,
			);
			defaultConfigurationIsVisible = 0;
			defaultConfigurationName = Release;
		};
		75932DA220BA26BE008AB9CF /* Build configuration list for PBXNativeTarget "mls-bar" */ = {
			isa = XCConfigurationList;
			buildConfigurations = (
				75932DA320BA26BE008AB9CF /* Debug */,
				75932DA420BA26BE008AB9CF /* Release */,
			);
			defaultConfigurationIsVisible = 0;
			defaultConfigurationName = Release;
		};
/* End XCConfigurationList section */
	};
	rootObject = 75932D8920BA26BE008AB9CF /* Project object */;
}
